<?xml version="1.0" encoding="utf-8"?>
<Project ToolsVersion="4.0" xmlns="http://schemas.microsoft.com/developer/msbuild/2003">
  <ItemGroup>
    <ClInclude Include="message.h">
      <Filter>Logic</Filter>
    </ClInclude>
    <ClInclude Include="character.h">
      <Filter>Logic</Filter>
    </ClInclude>
    <ClInclude Include="game.h">
      <Filter>Logic</Filter>
    </ClInclude>
  </ItemGroup>
  <ItemGroup>
    <ClCompile Include="game.cpp">
      <Filter>Logic</Filter>
    </ClCompile>
    <ClCompile Include="locale_ru.cpp">
      <Filter>Logic</Filter>
    </ClCompile>
    <ClCompile Include="character.cpp">
      <Filter>Logic</Filter>
    </ClCompile>
  </ItemGroup>
  <ItemGroup>
    <Filter Include="Logic">
      <UniqueIdentifier>{d8e0e678-cf4c-488e-9885-7683e7735d72}</UniqueIdentifier>
    </Filter>
  </ItemGroup>
</Project>